// !$*UTF8*$!
{
	archiveVersion = 1;
	classes = {
	};
	objectVersion = 46;
	objects = {

/* Begin PBXBuildFile section */
		13BE3DEE1AC21097009241FE /* NetworkScannerImpl.m in Sources */ = {isa = PBXBuildFile; fileRef = 13BE3DED1AC21097009241FE /* NetworkScannerImpl.m */; };
		F9169E591E8A6C5400004472 /* SimplePing.m in Sources */ = {isa = PBXBuildFile; fileRef = F9169E581E8A6C5400004472 /* SimplePing.m */; };
		F9564A941E8CF1510007039D /* MacFinder.m in Sources */ = {isa = PBXBuildFile; fileRef = F9564A8C1E8CF1510007039D /* MacFinder.m */; };
		F9564A951E8CF1510007039D /* NetworkScanImpl.m in Sources */ = {isa = PBXBuildFile; fileRef = F9564A8E1E8CF1510007039D /* NetworkScanImpl.m */; };
		F9564A961E8CF1510007039D /* Pinger.m in Sources */ = {isa = PBXBuildFile; fileRef = F9564A911E8CF1510007039D /* Pinger.m */; };
		F9564A971E8CF1510007039D /* PingOperation.m in Sources */ = {isa = PBXBuildFile; fileRef = F9564A931E8CF1510007039D /* PingOperation.m */; };
		F9564A9A1E8CF4080007039D /* NetworkScanner.m in Sources */ = {isa = PBXBuildFile; fileRef = F9564A991E8CF4080007039D /* NetworkScanner.m */; };
		F998E4A51E8D500D00108E9D /* Device.m in Sources */ = {isa = PBXBuildFile; fileRef = F998E4A41E8D500D00108E9D /* Device.m */; };
		F998E4A91E8D62E100108E9D /* NetworkUtils.m in Sources */ = {isa = PBXBuildFile; fileRef = F998E4A81E8D62E100108E9D /* NetworkUtils.m */; };
		F998E4AC1E8D671C00108E9D /* AddressAndMask.m in Sources */ = {isa = PBXBuildFile; fileRef = F998E4AB1E8D671C00108E9D /* AddressAndMask.m */; };
/* End PBXBuildFile section */

/* Begin PBXContainerItemProxy section */
		F9169E461E8A558C00004472 /* PBXContainerItemProxy */ = {
			isa = PBXContainerItemProxy;
			containerPortal = F9169E3B1E8A558C00004472 /* React.xcodeproj */;
			proxyType = 2;
			remoteGlobalIDString = 83CBBA2E1A601D0E00E9B192;
			remoteInfo = React;
		};
		F9169E481E8A558C00004472 /* PBXContainerItemProxy */ = {
			isa = PBXContainerItemProxy;
			containerPortal = F9169E3B1E8A558C00004472 /* React.xcodeproj */;
			proxyType = 2;
			remoteGlobalIDString = 2D2A28131D9B038B00D4039D;
			remoteInfo = "React-tvOS";
		};
		F9169E4A1E8A558C00004472 /* PBXContainerItemProxy */ = {
			isa = PBXContainerItemProxy;
			containerPortal = F9169E3B1E8A558C00004472 /* React.xcodeproj */;
			proxyType = 2;
			remoteGlobalIDString = 3D3C059A1DE3340900C268FA;
			remoteInfo = yoga;
		};
		F9169E4C1E8A558C00004472 /* PBXContainerItemProxy */ = {
			isa = PBXContainerItemProxy;
			containerPortal = F9169E3B1E8A558C00004472 /* React.xcodeproj */;
			proxyType = 2;
			remoteGlobalIDString = 3D3C06751DE3340C00C268FA;
			remoteInfo = "yoga-tvOS";
		};
		F9169E4E1E8A558C00004472 /* PBXContainerItemProxy */ = {
			isa = PBXContainerItemProxy;
			containerPortal = F9169E3B1E8A558C00004472 /* React.xcodeproj */;
			proxyType = 2;
			remoteGlobalIDString = 3D3CD9251DE5FBEC00167DC4;
			remoteInfo = cxxreact;
		};
		F9169E501E8A558C00004472 /* PBXContainerItemProxy */ = {
			isa = PBXContainerItemProxy;
			containerPortal = F9169E3B1E8A558C00004472 /* React.xcodeproj */;
			proxyType = 2;
			remoteGlobalIDString = 3D3CD9321DE5FBEE00167DC4;
			remoteInfo = "cxxreact-tvOS";
		};
		F9169E521E8A558C00004472 /* PBXContainerItemProxy */ = {
			isa = PBXContainerItemProxy;
			containerPortal = F9169E3B1E8A558C00004472 /* React.xcodeproj */;
			proxyType = 2;
			remoteGlobalIDString = 3D3CD90B1DE5FBD600167DC4;
			remoteInfo = jschelpers;
		};
		F9169E541E8A558C00004472 /* PBXContainerItemProxy */ = {
			isa = PBXContainerItemProxy;
			containerPortal = F9169E3B1E8A558C00004472 /* React.xcodeproj */;
			proxyType = 2;
			remoteGlobalIDString = 3D3CD9181DE5FBD800167DC4;
			remoteInfo = "jschelpers-tvOS";
		};
/* End PBXContainerItemProxy section */

/* Begin PBXCopyFilesBuildPhase section */
		58B511D91A9E6C8500147676 /* CopyFiles */ = {
			isa = PBXCopyFilesBuildPhase;
			buildActionMask = 2147483647;
			dstPath = "include/$(PRODUCT_NAME)";
			dstSubfolderSpec = 16;
			files = (
			);
			runOnlyForDeploymentPostprocessing = 0;
		};
/* End PBXCopyFilesBuildPhase section */

/* Begin PBXFileReference section */
		134814201AA4EA6300B7C361 /* libNetworkScanner.a */ = {isa = PBXFileReference; explicitFileType = archive.ar; includeInIndex = 0; path = libNetworkScanner.a; sourceTree = BUILT_PRODUCTS_DIR; };
		13BE3DEC1AC21097009241FE /* NetworkScannerImpl.h */ = {isa = PBXFileReference; fileEncoding = 4; lastKnownFileType = sourcecode.c.h; path = NetworkScannerImpl.h; sourceTree = "<group>"; };
		13BE3DED1AC21097009241FE /* NetworkScannerImpl.m */ = {isa = PBXFileReference; fileEncoding = 4; lastKnownFileType = sourcecode.c.objc; path = NetworkScannerImpl.m; sourceTree = "<group>"; };
		F9169E3B1E8A558C00004472 /* React.xcodeproj */ = {isa = PBXFileReference; lastKnownFileType = "wrapper.pb-project"; name = React.xcodeproj; path = "../../react-native/React/React.xcodeproj"; sourceTree = "<group>"; };
		F9169E571E8A6C5400004472 /* SimplePing.h */ = {isa = PBXFileReference; fileEncoding = 4; lastKnownFileType = sourcecode.c.h; path = SimplePing.h; sourceTree = "<group>"; };
		F9169E581E8A6C5400004472 /* SimplePing.m */ = {isa = PBXFileReference; fileEncoding = 4; lastKnownFileType = sourcecode.c.objc; path = SimplePing.m; sourceTree = "<group>"; };
		F9564A891E8CF1510007039D /* if_arp.h */ = {isa = PBXFileReference; fileEncoding = 4; lastKnownFileType = sourcecode.c.h; path = if_arp.h; sourceTree = "<group>"; };
		F9564A8A1E8CF1510007039D /* if_ether.h */ = {isa = PBXFileReference; fileEncoding = 4; lastKnownFileType = sourcecode.c.h; path = if_ether.h; sourceTree = "<group>"; };
		F9564A8B1E8CF1510007039D /* MacFinder.h */ = {isa = PBXFileReference; fileEncoding = 4; lastKnownFileType = sourcecode.c.h; path = MacFinder.h; sourceTree = "<group>"; };
		F9564A8C1E8CF1510007039D /* MacFinder.m */ = {isa = PBXFileReference; fileEncoding = 4; lastKnownFileType = sourcecode.c.objc; path = MacFinder.m; sourceTree = "<group>"; };
		F9564A8D1E8CF1510007039D /* NetworkScanImpl.h */ = {isa = PBXFileReference; fileEncoding = 4; lastKnownFileType = sourcecode.c.h; path = NetworkScanImpl.h; sourceTree = "<group>"; };
		F9564A8E1E8CF1510007039D /* NetworkScanImpl.m */ = {isa = PBXFileReference; fileEncoding = 4; lastKnownFileType = sourcecode.c.objc; path = NetworkScanImpl.m; sourceTree = "<group>"; };
		F9564A8F1E8CF1510007039D /* NetworkScanCallbacks.h */ = {isa = PBXFileReference; fileEncoding = 4; lastKnownFileType = sourcecode.c.h; path = NetworkScanCallbacks.h; sourceTree = "<group>"; };
		F9564A901E8CF1510007039D /* Pinger.h */ = {isa = PBXFileReference; fileEncoding = 4; lastKnownFileType = sourcecode.c.h; path = Pinger.h; sourceTree = "<group>"; };
		F9564A911E8CF1510007039D /* Pinger.m */ = {isa = PBXFileReference; fileEncoding = 4; lastKnownFileType = sourcecode.c.objc; path = Pinger.m; sourceTree = "<group>"; };
		F9564A921E8CF1510007039D /* PingOperation.h */ = {isa = PBXFileReference; fileEncoding = 4; lastKnownFileType = sourcecode.c.h; path = PingOperation.h; sourceTree = "<group>"; };
		F9564A931E8CF1510007039D /* PingOperation.m */ = {isa = PBXFileReference; fileEncoding = 4; lastKnownFileType = sourcecode.c.objc; path = PingOperation.m; sourceTree = "<group>"; };
		F9564A981E8CF3E30007039D /* NetworkScanner.h */ = {isa = PBXFileReference; lastKnownFileType = sourcecode.c.h; path = NetworkScanner.h; sourceTree = "<group>"; };
		F9564A991E8CF4080007039D /* NetworkScanner.m */ = {isa = PBXFileReference; fileEncoding = 4; lastKnownFileType = sourcecode.c.objc; path = NetworkScanner.m; sourceTree = "<group>"; };
		F998E4A41E8D500D00108E9D /* Device.m */ = {isa = PBXFileReference; fileEncoding = 4; lastKnownFileType = sourcecode.c.objc; path = Device.m; sourceTree = "<group>"; };
		F998E4A61E8D502800108E9D /* Device.h */ = {isa = PBXFileReference; fileEncoding = 4; lastKnownFileType = sourcecode.c.h; path = Device.h; sourceTree = "<group>"; };
		F998E4A71E8D62E100108E9D /* NetworkUtils.h */ = {isa = PBXFileReference; fileEncoding = 4; lastKnownFileType = sourcecode.c.h; path = NetworkUtils.h; sourceTree = "<group>"; };
		F998E4A81E8D62E100108E9D /* NetworkUtils.m */ = {isa = PBXFileReference; fileEncoding = 4; lastKnownFileType = sourcecode.c.objc; path = NetworkUtils.m; sourceTree = "<group>"; };
		F998E4AA1E8D671C00108E9D /* AddressAndMask.h */ = {isa = PBXFileReference; fileEncoding = 4; lastKnownFileType = sourcecode.c.h; path = AddressAndMask.h; sourceTree = "<group>"; };
		F998E4AB1E8D671C00108E9D /* AddressAndMask.m */ = {isa = PBXFileReference; fileEncoding = 4; lastKnownFileType = sourcecode.c.objc; path = AddressAndMask.m; sourceTree = "<group>"; };
/* End PBXFileReference section */

/* Begin PBXFrameworksBuildPhase section */
		58B511D81A9E6C8500147676 /* Frameworks */ = {
			isa = PBXFrameworksBuildPhase;
			buildActionMask = 2147483647;
			files = (
			);
			runOnlyForDeploymentPostprocessing = 0;
		};
/* End PBXFrameworksBuildPhase section */

/* Begin PBXGroup section */
		134814211AA4EA7D00B7C361 /* Products */ = {
			isa = PBXGroup;
			children = (
				134814201AA4EA6300B7C361 /* libNetworkScanner.a */,
			);
			name = Products;
			sourceTree = "<group>";
		};
		58B511D21A9E6C8500147676 = {
			isa = PBXGroup;
			children = (
				F998E4AA1E8D671C00108E9D /* AddressAndMask.h */,
				F998E4AB1E8D671C00108E9D /* AddressAndMask.m */,
				F998E4A41E8D500D00108E9D /* Device.m */,
				F998E4A61E8D502800108E9D /* Device.h */,
				F9564A991E8CF4080007039D /* NetworkScanner.m */,
				F9564A981E8CF3E30007039D /* NetworkScanner.h */,
				F998E4A71E8D62E100108E9D /* NetworkUtils.h */,
				F998E4A81E8D62E100108E9D /* NetworkUtils.m */,
				F9564A891E8CF1510007039D /* if_arp.h */,
				F9564A8A1E8CF1510007039D /* if_ether.h */,
				F9564A8B1E8CF1510007039D /* MacFinder.h */,
				F9564A8C1E8CF1510007039D /* MacFinder.m */,
				F9564A8D1E8CF1510007039D /* NetworkScanImpl.h */,
				F9564A8E1E8CF1510007039D /* NetworkScanImpl.m */,
				F9564A8F1E8CF1510007039D /* NetworkScanCallbacks.h */,
				F9564A901E8CF1510007039D /* Pinger.h */,
				F9564A911E8CF1510007039D /* Pinger.m */,
				F9564A921E8CF1510007039D /* PingOperation.h */,
				F9564A931E8CF1510007039D /* PingOperation.m */,
				F9169E571E8A6C5400004472 /* SimplePing.h */,
				F9169E581E8A6C5400004472 /* SimplePing.m */,
				F9169E3A1E8A556100004472 /* Frameworks */,
				13BE3DEC1AC21097009241FE /* NetworkScannerImpl.h */,
				13BE3DED1AC21097009241FE /* NetworkScannerImpl.m */,
				134814211AA4EA7D00B7C361 /* Products */,
			);
			sourceTree = "<group>";
		};
		F9169E3A1E8A556100004472 /* Frameworks */ = {
			isa = PBXGroup;
			children = (
				F9169E3B1E8A558C00004472 /* React.xcodeproj */,
			);
			name = Frameworks;
			sourceTree = "<group>";
		};
		F9169E3C1E8A558C00004472 /* Products */ = {
			isa = PBXGroup;
			children = (
				F9169E471E8A558C00004472 /* libReact.a */,
				F9169E491E8A558C00004472 /* libReact.a */,
				F9169E4B1E8A558C00004472 /* libyoga.a */,
				F9169E4D1E8A558C00004472 /* libyoga.a */,
				F9169E4F1E8A558C00004472 /* libcxxreact.a */,
				F9169E511E8A558C00004472 /* libcxxreact.a */,
				F9169E531E8A558C00004472 /* libjschelpers.a */,
				F9169E551E8A558C00004472 /* libjschelpers.a */,
			);
			name = Products;
			sourceTree = "<group>";
		};
/* End PBXGroup section */

/* Begin PBXNativeTarget section */
		58B511DA1A9E6C8500147676 /* NetworkScanner */ = {
			isa = PBXNativeTarget;
			buildConfigurationList = 58B511EF1A9E6C8500147676 /* Build configuration list for PBXNativeTarget "NetworkScanner" */;
			buildPhases = (
				58B511D71A9E6C8500147676 /* Sources */,
				58B511D81A9E6C8500147676 /* Frameworks */,
				58B511D91A9E6C8500147676 /* CopyFiles */,
			);
			buildRules = (
			);
			dependencies = (
			);
			name = NetworkScanner;
			productName = RCTDataManager;
			productReference = 134814201AA4EA6300B7C361 /* libNetworkScanner.a */;
			productType = "com.apple.product-type.library.static";
		};
/* End PBXNativeTarget section */

/* Begin PBXProject section */
		58B511D31A9E6C8500147676 /* Project object */ = {
			isa = PBXProject;
			attributes = {
				LastUpgradeCheck = 0610;
				ORGANIZATIONNAME = Facebook;
				TargetAttributes = {
					58B511DA1A9E6C8500147676 = {
						CreatedOnToolsVersion = 6.1.1;
					};
				};
			};
			buildConfigurationList = 58B511D61A9E6C8500147676 /* Build configuration list for PBXProject "NetworkScanner" */;
			compatibilityVersion = "Xcode 3.2";
			developmentRegion = English;
			hasScannedForEncodings = 0;
			knownRegions = (
				en,
			);
			mainGroup = 58B511D21A9E6C8500147676;
			productRefGroup = 58B511D21A9E6C8500147676;
			projectDirPath = "";
			projectReferences = (
				{
					ProductGroup = F9169E3C1E8A558C00004472 /* Products */;
					ProjectRef = F9169E3B1E8A558C00004472 /* React.xcodeproj */;
				},
			);
			projectRoot = "";
			targets = (
				58B511DA1A9E6C8500147676 /* NetworkScanner */,
			);
		};
/* End PBXProject section */

/* Begin PBXReferenceProxy section */
		F9169E471E8A558C00004472 /* libReact.a */ = {
			isa = PBXReferenceProxy;
			fileType = archive.ar;
			path = libReact.a;
			remoteRef = F9169E461E8A558C00004472 /* PBXContainerItemProxy */;
			sourceTree = BUILT_PRODUCTS_DIR;
		};
		F9169E491E8A558C00004472 /* libReact.a */ = {
			isa = PBXReferenceProxy;
			fileType = archive.ar;
			path = libReact.a;
			remoteRef = F9169E481E8A558C00004472 /* PBXContainerItemProxy */;
			sourceTree = BUILT_PRODUCTS_DIR;
		};
		F9169E4B1E8A558C00004472 /* libyoga.a */ = {
			isa = PBXReferenceProxy;
			fileType = archive.ar;
			path = libyoga.a;
			remoteRef = F9169E4A1E8A558C00004472 /* PBXContainerItemProxy */;
			sourceTree = BUILT_PRODUCTS_DIR;
		};
		F9169E4D1E8A558C00004472 /* libyoga.a */ = {
			isa = PBXReferenceProxy;
			fileType = archive.ar;
			path = libyoga.a;
			remoteRef = F9169E4C1E8A558C00004472 /* PBXContainerItemProxy */;
			sourceTree = BUILT_PRODUCTS_DIR;
		};
		F9169E4F1E8A558C00004472 /* libcxxreact.a */ = {
			isa = PBXReferenceProxy;
			fileType = archive.ar;
			path = libcxxreact.a;
			remoteRef = F9169E4E1E8A558C00004472 /* PBXContainerItemProxy */;
			sourceTree = BUILT_PRODUCTS_DIR;
		};
		F9169E511E8A558C00004472 /* libcxxreact.a */ = {
			isa = PBXReferenceProxy;
			fileType = archive.ar;
			path = libcxxreact.a;
			remoteRef = F9169E501E8A558C00004472 /* PBXContainerItemProxy */;
			sourceTree = BUILT_PRODUCTS_DIR;
		};
		F9169E531E8A558C00004472 /* libjschelpers.a */ = {
			isa = PBXReferenceProxy;
			fileType = archive.ar;
			path = libjschelpers.a;
			remoteRef = F9169E521E8A558C00004472 /* PBXContainerItemProxy */;
			sourceTree = BUILT_PRODUCTS_DIR;
		};
		F9169E551E8A558C00004472 /* libjschelpers.a */ = {
			isa = PBXReferenceProxy;
			fileType = archive.ar;
			path = libjschelpers.a;
			remoteRef = F9169E541E8A558C00004472 /* PBXContainerItemProxy */;
			sourceTree = BUILT_PRODUCTS_DIR;
		};
/* End PBXReferenceProxy section */

/* Begin PBXSourcesBuildPhase section */
		58B511D71A9E6C8500147676 /* Sources */ = {
			isa = PBXSourcesBuildPhase;
			buildActionMask = 2147483647;
			files = (
				13BE3DEE1AC21097009241FE /* NetworkScannerImpl.m in Sources */,
				F9564A951E8CF1510007039D /* NetworkScanImpl.m in Sources */,
				F9169E591E8A6C5400004472 /* SimplePing.m in Sources */,
				F998E4A51E8D500D00108E9D /* Device.m in Sources */,
				F998E4AC1E8D671C00108E9D /* AddressAndMask.m in Sources */,
				F9564A9A1E8CF4080007039D /* NetworkScanner.m in Sources */,
				F998E4A91E8D62E100108E9D /* NetworkUtils.m in Sources */,
				F9564A961E8CF1510007039D /* Pinger.m in Sources */,
				F9564A941E8CF1510007039D /* MacFinder.m in Sources */,
				F9564A971E8CF1510007039D /* PingOperation.m in Sources */,
			);
			runOnlyForDeploymentPostprocessing = 0;
		};
/* End PBXSourcesBuildPhase section */

/* Begin XCBuildConfiguration section */
		58B511ED1A9E6C8500147676 /* Debug */ = {
			isa = XCBuildConfiguration;
			buildSettings = {
				ALWAYS_SEARCH_USER_PATHS = NO;
				CLANG_CXX_LANGUAGE_STANDARD = "gnu++0x";
				CLANG_CXX_LIBRARY = "libc++";
				CLANG_ENABLE_MODULES = YES;
				CLANG_ENABLE_OBJC_ARC = YES;
				CLANG_WARN_BOOL_CONVERSION = YES;
				CLANG_WARN_CONSTANT_CONVERSION = YES;
				CLANG_WARN_DIRECT_OBJC_ISA_USAGE = YES_ERROR;
				CLANG_WARN_EMPTY_BODY = YES;
				CLANG_WARN_ENUM_CONVERSION = YES;
				CLANG_WARN_INT_CONVERSION = YES;
				CLANG_WARN_OBJC_ROOT_CLASS = YES_ERROR;
				CLANG_WARN_UNREACHABLE_CODE = YES;
				CLANG_WARN__DUPLICATE_METHOD_MATCH = YES;
				COPY_PHASE_STRIP = NO;
				ENABLE_STRICT_OBJC_MSGSEND = YES;
				GCC_C_LANGUAGE_STANDARD = gnu99;
				GCC_DYNAMIC_NO_PIC = NO;
				GCC_OPTIMIZATION_LEVEL = 0;
				GCC_PREPROCESSOR_DEFINITIONS = (
					"DEBUG=1",
					"$(inherited)",
				);
				GCC_SYMBOLS_PRIVATE_EXTERN = NO;
				GCC_WARN_64_TO_32_BIT_CONVERSION = YES;
				GCC_WARN_ABOUT_RETURN_TYPE = YES_ERROR;
				GCC_WARN_UNDECLARED_SELECTOR = YES;
				GCC_WARN_UNINITIALIZED_AUTOS = YES_AGGRESSIVE;
				GCC_WARN_UNUSED_FUNCTION = YES;
				GCC_WARN_UNUSED_VARIABLE = YES;
				HEADER_SEARCH_PATHS = "$(SRCROOT)/../../react-native/React";
				IPHONEOS_DEPLOYMENT_TARGET = 8.0;
				MTL_ENABLE_DEBUG_INFO = YES;
				ONLY_ACTIVE_ARCH = YES;
				SDKROOT = iphoneos;
			};
			name = Debug;
		};
		58B511EE1A9E6C8500147676 /* Release */ = {
			isa = XCBuildConfiguration;
			buildSettings = {
				ALWAYS_SEARCH_USER_PATHS = NO;
				CLANG_CXX_LANGUAGE_STANDARD = "gnu++0x";
				CLANG_CXX_LIBRARY = "libc++";
				CLANG_ENABLE_MODULES = YES;
				CLANG_ENABLE_OBJC_ARC = YES;
				CLANG_WARN_BOOL_CONVERSION = YES;
				CLANG_WARN_CONSTANT_CONVERSION = YES;
				CLANG_WARN_DIRECT_OBJC_ISA_USAGE = YES_ERROR;
				CLANG_WARN_EMPTY_BODY = YES;
				CLANG_WARN_ENUM_CONVERSION = YES;
				CLANG_WARN_INT_CONVERSION = YES;
				CLANG_WARN_OBJC_ROOT_CLASS = YES_ERROR;
				CLANG_WARN_UNREACHABLE_CODE = YES;
				CLANG_WARN__DUPLICATE_METHOD_MATCH = YES;
				COPY_PHASE_STRIP = YES;
				ENABLE_NS_ASSERTIONS = NO;
				ENABLE_STRICT_OBJC_MSGSEND = YES;
				GCC_C_LANGUAGE_STANDARD = gnu99;
				GCC_WARN_64_TO_32_BIT_CONVERSION = YES;
				GCC_WARN_ABOUT_RETURN_TYPE = YES_ERROR;
				GCC_WARN_UNDECLARED_SELECTOR = YES;
				GCC_WARN_UNINITIALIZED_AUTOS = YES_AGGRESSIVE;
				GCC_WARN_UNUSED_FUNCTION = YES;
				GCC_WARN_UNUSED_VARIABLE = YES;
				HEADER_SEARCH_PATHS = "$(SRCROOT)/../../react-native/React";
				IPHONEOS_DEPLOYMENT_TARGET = 8.0;
				MTL_ENABLE_DEBUG_INFO = NO;
				SDKROOT = iphoneos;
				VALIDATE_PRODUCT = YES;
			};
			name = Release;
		};
		58B511F01A9E6C8500147676 /* Debug */ = {
			isa = XCBuildConfiguration;
			buildSettings = {
				HEADER_SEARCH_PATHS = (
					"$(inherited)",
					/Applications/Xcode.app/Contents/Developer/Toolchains/XcodeDefault.xctoolchain/usr/include,
					"$(SRCROOT)/../../React/**",
					"$(SRCROOT)/../../node_modules/react-native/React/**",
				);
				LIBRARY_SEARCH_PATHS = "$(inherited)";
				OTHER_LDFLAGS = "-ObjC";
				PRODUCT_NAME = NetworkScanner;
				SKIP_INSTALL = YES;
			};
			name = Debug;
		};
		58B511F11A9E6C8500147676 /* Release */ = {
			isa = XCBuildConfiguration;
			buildSettings = {
				HEADER_SEARCH_PATHS = (
					"$(inherited)",
					/Applications/Xcode.app/Contents/Developer/Toolchains/XcodeDefault.xctoolchain/usr/include,
					"$(SRCROOT)/../../React/**",
				);
				LIBRARY_SEARCH_PATHS = "$(inherited)";
				OTHER_LDFLAGS = "-ObjC";
				PRODUCT_NAME = NetworkScanner;
				SKIP_INSTALL = YES;
			};
			name = Release;
		};
/* End XCBuildConfiguration section */

/* Begin XCConfigurationList section */
		58B511D61A9E6C8500147676 /* Build configuration list for PBXProject "NetworkScanner" */ = {
			isa = XCConfigurationList;
			buildConfigurations = (
				58B511ED1A9E6C8500147676 /* Debug */,
				58B511EE1A9E6C8500147676 /* Release */,
			);
			defaultConfigurationIsVisible = 0;
			defaultConfigurationName = Release;
		};
		58B511EF1A9E6C8500147676 /* Build configuration list for PBXNativeTarget "NetworkScanner" */ = {
			isa = XCConfigurationList;
			buildConfigurations = (
				58B511F01A9E6C8500147676 /* Debug */,
				58B511F11A9E6C8500147676 /* Release */,
			);
			defaultConfigurationIsVisible = 0;
			defaultConfigurationName = Release;
		};
/* End XCConfigurationList section */
	};
	rootObject = 58B511D31A9E6C8500147676 /* Project object */;
}
